
Microsoft Visual Studio Solution File, Format Version 12.00
# Visual Studio Version 17
VisualStudioVersion = 17.10.35013.160
MinimumVisualStudioVersion = 10.0.40219.1
Project("{9A19103F-16F7-4668-BE54-9A1E7A4F7556}") = "EventMatcha.BackgroundService", "EventMatcha.BackgroundService\EventMatcha.BackgroundService.csproj", "{3E9D3605-1A55-474F-9D1D-77C03D024F5C}"
EndProject
Project("{9A19103F-16F7-4668-BE54-9A1E7A4F7556}") = "EventMatcha.BackgroundServiceCore", "EventMatcha.BackgroundServiceCore\EventMatcha.BackgroundServiceCore.csproj", "{C3EC7ABF-4DA7-45EC-9D46-CD3A37DA1167}"
EndProject
Global
	GlobalSection(SolutionConfigurationPlatforms) = preSolution
		Debug|Any CPU = Debug|Any CPU
		Release|Any CPU = Release|Any CPU
	EndGlobalSection
	GlobalSection(ProjectConfigurationPlatforms) = postSolution
		{3E9D3605-1A55-474F-9D1D-77C03D024F5C}.Debug|Any CPU.ActiveCfg = Debug|Any CPU
		{3E9D3605-1A55-474F-9D1D-77C03D024F5C}.Debug|Any CPU.Build.0 = Debug|Any CPU
		{3E9D3605-1A55-474F-9D1D-77C03D024F5C}.Release|Any CPU.ActiveCfg = Release|Any CPU
		{3E9D3605-1A55-474F-9D1D-77C03D024F5C}.Release|Any CPU.Build.0 = Release|Any CPU
		{C3EC7ABF-4DA7-45EC-9D46-CD3A37DA1167}.Debug|Any CPU.ActiveCfg = Debug|Any CPU
		{C3EC7ABF-4DA7-45EC-9D46-CD3A37DA1167}.Debug|Any CPU.Build.0 = Debug|Any CPU
		{C3EC7ABF-4DA7-45EC-9D46-CD3A37DA1167}.Release|Any CPU.ActiveCfg = Release|Any CPU
		{C3EC7ABF-4DA7-45EC-9D46-CD3A37DA1167}.Release|Any CPU.Build.0 = Release|Any CPU
	EndGlobalSection
	GlobalSection(SolutionProperties) = preSolution
		HideSolutionNode = FALSE
	EndGlobalSection
	GlobalSection(ExtensibilityGlobals) = postSolution
		SolutionGuid = {E76D6CF1-D44F-4726-94EB-D432D7E400BD}
	EndGlobalSection
EndGlobal
